{
	"name": "@vechain/connex-repl",
	"version": "2.2.0",
	"lockfileVersion": 2,
	"requires": true,
	"packages": {
		"": {
			"name": "@vechain/connex-repl",
			"version": "2.1.0",
			"license": "LGPL-3.0",
			"dependencies": {
				"bignumber.js": "^9.0.0",
				"repl.history": "^0.1.4"
			},
			"bin": {
				"connex": "dist/index.js"
			},
			"engines": {
				"node": ">=10.0.0"
			}
		},
		"../driver": {
			"name": "@vechain/connex-driver",
			"version": "2.1.1",
			"extraneous": true,
			"license": "LGPL-3.0",
			"dependencies": {
				"axios": "^0.21.1",
				"bignumber.js": "^7.2.1",
				"isomorphic-ws": "^4.0.1",
				"lru-cache": "^5.1.1",
				"thor-devkit": "^2.1.0",
				"ws": "^7.1.0"
			},
			"devDependencies": {
				"@types/lru-cache": "^5.1.0",
				"@types/ws": "^6.0.1"
			}
		},
		"../framework": {
			"name": "@vechain/connex-framework",
			"version": "2.1.1",
			"extraneous": true,
			"license": "LGPL-3.0",
			"dependencies": {
				"bignumber.js": "^7.2.1",
				"thor-devkit": "^2.1.0",
				"validator-ts": "^0.9.1"
			}
		},
		"../types": {
			"name": "@vechain/connex-types",
			"version": "2.1.1",
			"extraneous": true,
			"license": "LGPL-3.0"
		},
		"node_modules/bignumber.js": {
			"version": "9.0.0",
			"resolved": "https://registry.npmjs.org/bignumber.js/-/bignumber.js-9.0.0.tgz",
			"integrity": "sha512-t/OYhhJ2SD+YGBQcjY8GzzDHEk9f3nerxjtfa6tlMXfe7frs/WozhvCNoGvpM0P3bNf3Gq5ZRMlGr5f3r4/N8A==",
			"engines": {
				"node": "*"
			}
		},
		"node_modules/repl.history": {
			"version": "0.1.4",
			"resolved": "https://registry.npmjs.org/repl.history/-/repl.history-0.1.4.tgz",
			"integrity": "sha512-dObzo+ZzPPHH3Sq94ct+v5e20FLMHdx+wVUEGn/oGJm5yRBYTTFnMkcFYJPVVvx2Uv9hws+8SOAQ6E4cxsn/iA==",
			"license": "MIT",
			"bin": {
				"repl.history": "bin/repl.history"
			}
		}
	},
	"dependencies": {
		"bignumber.js": {
			"version": "9.0.0",
			"resolved": "https://registry.npmjs.org/bignumber.js/-/bignumber.js-9.0.0.tgz",
			"integrity": "sha512-t/OYhhJ2SD+YGBQcjY8GzzDHEk9f3nerxjtfa6tlMXfe7frs/WozhvCNoGvpM0P3bNf3Gq5ZRMlGr5f3r4/N8A=="
		},
		"repl.history": {
			"version": "0.1.4",
			"resolved": "https://registry.npmjs.org/repl.history/-/repl.history-0.1.4.tgz",
			"integrity": "sha512-dObzo+ZzPPHH3Sq94ct+v5e20FLMHdx+wVUEGn/oGJm5yRBYTTFnMkcFYJPVVvx2Uv9hws+8SOAQ6E4cxsn/iA=="
		}
	}
}
