{
	"name": "@vechain/connex-repl",
	"version": "2.0.12",
	"lockfileVersion": 2,
	"requires": true,
	"packages": {
		"": {
			"name": "@vechain/connex-repl",
			"version": "2.0.12",
			"license": "LGPL-3.0",
			"dependencies": {
				"bignumber.js": "^9.0.0",
				"repl.history": "^0.1.4"
			},
			"bin": {
				"connex": "dist/index.js"
			},
			"engines": {
				"node": ">=10.0.0"
			}
		},
		"node_modules/bignumber.js": {
			"version": "9.0.0",
			"resolved": "https://registry.npmjs.org/bignumber.js/-/bignumber.js-9.0.0.tgz",
			"integrity": "sha512-t/OYhhJ2SD+YGBQcjY8GzzDHEk9f3nerxjtfa6tlMXfe7frs/WozhvCNoGvpM0P3bNf3Gq5ZRMlGr5f3r4/N8A==",
			"engines": {
				"node": "*"
			}
		},
		"node_modules/repl.history": {
			"version": "0.1.4",
			"resolved": "https://registry.npmjs.org/repl.history/-/repl.history-0.1.4.tgz",
			"integrity": "sha1-gDZxcfN4HW5CmccXWMJTCX9dWDI=",
			"bin": {
				"repl.history": "bin/repl.history"
			}
		}
	},
	"dependencies": {
		"bignumber.js": {
			"version": "9.0.0",
			"resolved": "https://registry.npmjs.org/bignumber.js/-/bignumber.js-9.0.0.tgz",
			"integrity": "sha512-t/OYhhJ2SD+YGBQcjY8GzzDHEk9f3nerxjtfa6tlMXfe7frs/WozhvCNoGvpM0P3bNf3Gq5ZRMlGr5f3r4/N8A=="
		},
		"repl.history": {
			"version": "0.1.4",
			"resolved": "https://registry.npmjs.org/repl.history/-/repl.history-0.1.4.tgz",
			"integrity": "sha1-gDZxcfN4HW5CmccXWMJTCX9dWDI="
		}
	}
}
